
Microsoft Visual Studio Solution File, Format Version 12.00
# Visual Studio 14
VisualStudioVersion = 14.0.25420.1
MinimumVisualStudioVersion = 10.0.40219.1
Project("{FAE04EC0-301F-11D3-BF4B-00C04F79EFBC}") = "BibliotecaGames.Site", "BibliotecaGames.Site\BibliotecaGames.Site.csproj", "{11AAA053-21C8-444C-B4C0-B3271E2E9768}"
EndProject
Project("{FAE04EC0-301F-11D3-BF4B-00C04F79EFBC}") = "BibliotecaGames.CamNegocioBLL", "BibliotecaGames.CamNegocioBLL\BibliotecaGames.CamNegocioBLL.csproj", "{958A083E-51BF-4FA2-AC00-7DF2BAADA8DF}"
EndProject
Project("{FAE04EC0-301F-11D3-BF4B-00C04F79EFBC}") = "BibliotecaGames.CamDadosDAL", "BibliotecaGames.CamDadosDAL\BibliotecaGames.CamDadosDAL.csproj", "{7FF6DAF0-7B6B-4C23-8586-B5BCD2F30607}"
EndProject
Global
	GlobalSection(SolutionConfigurationPlatforms) = preSolution
		Debug|Any CPU = Debug|Any CPU
		Release|Any CPU = Release|Any CPU
	EndGlobalSection
	GlobalSection(ProjectConfigurationPlatforms) = postSolution
		{11AAA053-21C8-444C-B4C0-B3271E2E9768}.Debug|Any CPU.ActiveCfg = Debug|Any CPU
		{11AAA053-21C8-444C-B4C0-B3271E2E9768}.Debug|Any CPU.Build.0 = Debug|Any CPU
		{11AAA053-21C8-444C-B4C0-B3271E2E9768}.Release|Any CPU.ActiveCfg = Release|Any CPU
		{11AAA053-21C8-444C-B4C0-B3271E2E9768}.Release|Any CPU.Build.0 = Release|Any CPU
		{958A083E-51BF-4FA2-AC00-7DF2BAADA8DF}.Debug|Any CPU.ActiveCfg = Debug|Any CPU
		{958A083E-51BF-4FA2-AC00-7DF2BAADA8DF}.Debug|Any CPU.Build.0 = Debug|Any CPU
		{958A083E-51BF-4FA2-AC00-7DF2BAADA8DF}.Release|Any CPU.ActiveCfg = Release|Any CPU
		{958A083E-51BF-4FA2-AC00-7DF2BAADA8DF}.Release|Any CPU.Build.0 = Release|Any CPU
		{7FF6DAF0-7B6B-4C23-8586-B5BCD2F30607}.Debug|Any CPU.ActiveCfg = Debug|Any CPU
		{7FF6DAF0-7B6B-4C23-8586-B5BCD2F30607}.Debug|Any CPU.Build.0 = Debug|Any CPU
		{7FF6DAF0-7B6B-4C23-8586-B5BCD2F30607}.Release|Any CPU.ActiveCfg = Release|Any CPU
		{7FF6DAF0-7B6B-4C23-8586-B5BCD2F30607}.Release|Any CPU.Build.0 = Release|Any CPU
	EndGlobalSection
	GlobalSection(SolutionProperties) = preSolution
		HideSolutionNode = FALSE
	EndGlobalSection
EndGlobal
